
Microsoft Visual Studio Solution File, Format Version 12.00
# Visual Studio Version 16
VisualStudioVersion = 16.0.33529.622
MinimumVisualStudioVersion = 10.0.40219.1
Project("{FAE04EC0-301F-11D3-BF4B-00C04F79EFBC}") = "EmpAPI", "EmpAPI\EmpAPI.csproj", "{BB4A5D72-5238-469B-B2C3-11ECCD0D8832}"
EndProject
Global
	GlobalSection(SolutionConfigurationPlatforms) = preSolution
		Debug|Any CPU = Debug|Any CPU
		Release|Any CPU = Release|Any CPU
	EndGlobalSection
	GlobalSection(ProjectConfigurationPlatforms) = postSolution
		{BB4A5D72-5238-469B-B2C3-11ECCD0D8832}.Debug|Any CPU.ActiveCfg = Debug|Any CPU
		{BB4A5D72-5238-469B-B2C3-11ECCD0D8832}.Debug|Any CPU.Build.0 = Debug|Any CPU
		{BB4A5D72-5238-469B-B2C3-11ECCD0D8832}.Release|Any CPU.ActiveCfg = Release|Any CPU
		{BB4A5D72-5238-469B-B2C3-11ECCD0D8832}.Release|Any CPU.Build.0 = Release|Any CPU
	EndGlobalSection
	GlobalSection(SolutionProperties) = preSolution
		HideSolutionNode = FALSE
	EndGlobalSection
	GlobalSection(ExtensibilityGlobals) = postSolution
		SolutionGuid = {EE1119DA-6FDA-47DB-8080-40E5149B409E}
	EndGlobalSection
EndGlobal
